// !$*UTF8*$!
{
	archiveVersion = 1;
	classes = {
	};
	objectVersion = 46;
	objects = {

/* Begin PBXBuildFile section */
		38C659A11E005BEA005BBC66 /* main.swift in Sources */ = {isa = PBXBuildFile; fileRef = 38C659A01E005BEA005BBC66 /* main.swift */; };
		38C8E6A31E0072BB00D8AE48 /* URLRequestCreator.swift in Sources */ = {isa = PBXBuildFile; fileRef = 38C8E6A21E0072BB00D8AE48 /* URLRequestCreator.swift */; };
		38C8E6A51E007A5C00D8AE48 /* SiftOperations.swift in Sources */ = {isa = PBXBuildFile; fileRef = 38C8E6A41E007A5C00D8AE48 /* SiftOperations.swift */; };
/* End PBXBuildFile section */

/* Begin PBXCopyFilesBuildPhase section */
		38C6599B1E005BEA005BBC66 /* CopyFiles */ = {
			isa = PBXCopyFilesBuildPhase;
			buildActionMask = 2147483647;
			dstPath = /usr/share/man/man1/;
			dstSubfolderSpec = 0;
			files = (
			);
			runOnlyForDeploymentPostprocessing = 1;
		};
/* End PBXCopyFilesBuildPhase section */

/* Begin PBXFileReference section */
		38C6599D1E005BEA005BBC66 /* MixpanelDataSifter */ = {isa = PBXFileReference; explicitFileType = "compiled.mach-o.executable"; includeInIndex = 0; path = MixpanelDataSifter; sourceTree = BUILT_PRODUCTS_DIR; };
		38C659A01E005BEA005BBC66 /* main.swift */ = {isa = PBXFileReference; lastKnownFileType = sourcecode.swift; path = main.swift; sourceTree = "<group>"; };
		38C8E6A21E0072BB00D8AE48 /* URLRequestCreator.swift */ = {isa = PBXFileReference; fileEncoding = 4; lastKnownFileType = sourcecode.swift; path = URLRequestCreator.swift; sourceTree = "<group>"; };
		38C8E6A41E007A5C00D8AE48 /* SiftOperations.swift */ = {isa = PBXFileReference; fileEncoding = 4; lastKnownFileType = sourcecode.swift; path = SiftOperations.swift; sourceTree = "<group>"; };
/* End PBXFileReference section */

/* Begin PBXFrameworksBuildPhase section */
		38C6599A1E005BEA005BBC66 /* Frameworks */ = {
			isa = PBXFrameworksBuildPhase;
			buildActionMask = 2147483647;
			files = (
			);
			runOnlyForDeploymentPostprocessing = 0;
		};
/* End PBXFrameworksBuildPhase section */

/* Begin PBXGroup section */
		38C659941E005BEA005BBC66 = {
			isa = PBXGroup;
			children = (
				38C6599F1E005BEA005BBC66 /* MixpanelDataSifter */,
				38C6599E1E005BEA005BBC66 /* Products */,
			);
			sourceTree = "<group>";
		};
		38C6599E1E005BEA005BBC66 /* Products */ = {
			isa = PBXGroup;
			children = (
				38C6599D1E005BEA005BBC66 /* MixpanelDataSifter */,
			);
			name = Products;
			sourceTree = "<group>";
		};
		38C6599F1E005BEA005BBC66 /* MixpanelDataSifter */ = {
			isa = PBXGroup;
			children = (
				38C659A01E005BEA005BBC66 /* main.swift */,
				38C8E6A21E0072BB00D8AE48 /* URLRequestCreator.swift */,
				38C8E6A41E007A5C00D8AE48 /* SiftOperations.swift */,
			);
			path = MixpanelDataSifter;
			sourceTree = "<group>";
		};
/* End PBXGroup section */

/* Begin PBXNativeTarget section */
		38C6599C1E005BEA005BBC66 /* MixpanelDataSifter */ = {
			isa = PBXNativeTarget;
			buildConfigurationList = 38C659A41E005BEA005BBC66 /* Build configuration list for PBXNativeTarget "MixpanelDataSifter" */;
			buildPhases = (
				38C659991E005BEA005BBC66 /* Sources */,
				38C6599A1E005BEA005BBC66 /* Frameworks */,
				38C6599B1E005BEA005BBC66 /* CopyFiles */,
			);
			buildRules = (
			);
			dependencies = (
			);
			name = MixpanelDataSifter;
			productName = MixpanelDataSifter;
			productReference = 38C6599D1E005BEA005BBC66 /* MixpanelDataSifter */;
			productType = "com.apple.product-type.tool";
		};
/* End PBXNativeTarget section */

/* Begin PBXProject section */
		38C659951E005BEA005BBC66 /* Project object */ = {
			isa = PBXProject;
			attributes = {
				LastSwiftUpdateCheck = 0820;
				LastUpgradeCheck = 0820;
				ORGANIZATIONNAME = redpointcollaborative.com;
				TargetAttributes = {
					38C6599C1E005BEA005BBC66 = {
						CreatedOnToolsVersion = 8.2;
						ProvisioningStyle = Automatic;
					};
				};
			};
			buildConfigurationList = 38C659981E005BEA005BBC66 /* Build configuration list for PBXProject "MixpanelDataSifter" */;
			compatibilityVersion = "Xcode 3.2";
			developmentRegion = English;
			hasScannedForEncodings = 0;
			knownRegions = (
				en,
			);
			mainGroup = 38C659941E005BEA005BBC66;
			productRefGroup = 38C6599E1E005BEA005BBC66 /* Products */;
			projectDirPath = "";
			projectRoot = "";
			targets = (
				38C6599C1E005BEA005BBC66 /* MixpanelDataSifter */,
			);
		};
/* End PBXProject section */

/* Begin PBXSourcesBuildPhase section */
		38C659991E005BEA005BBC66 /* Sources */ = {
			isa = PBXSourcesBuildPhase;
			buildActionMask = 2147483647;
			files = (
				38C8E6A51E007A5C00D8AE48 /* SiftOperations.swift in Sources */,
				38C8E6A31E0072BB00D8AE48 /* URLRequestCreator.swift in Sources */,
				38C659A11E005BEA005BBC66 /* main.swift in Sources */,
			);
			runOnlyForDeploymentPostprocessing = 0;
		};
/* End PBXSourcesBuildPhase section */

/* Begin XCBuildConfiguration section */
		38C659A21E005BEA005BBC66 /* Debug */ = {
			isa = XCBuildConfiguration;
			buildSettings = {
				ALWAYS_SEARCH_USER_PATHS = NO;
				CLANG_ANALYZER_NONNULL = YES;
				CLANG_CXX_LANGUAGE_STANDARD = "gnu++0x";
				CLANG_CXX_LIBRARY = "libc++";
				CLANG_ENABLE_MODULES = YES;
				CLANG_ENABLE_OBJC_ARC = YES;
				CLANG_WARN_BOOL_CONVERSION = YES;
				CLANG_WARN_CONSTANT_CONVERSION = YES;
				CLANG_WARN_DIRECT_OBJC_ISA_USAGE = YES_ERROR;
				CLANG_WARN_DOCUMENTATION_COMMENTS = YES;
				CLANG_WARN_EMPTY_BODY = YES;
				CLANG_WARN_ENUM_CONVERSION = YES;
				CLANG_WARN_INFINITE_RECURSION = YES;
				CLANG_WARN_INT_CONVERSION = YES;
				CLANG_WARN_OBJC_ROOT_CLASS = YES_ERROR;
				CLANG_WARN_SUSPICIOUS_MOVE = YES;
				CLANG_WARN_UNREACHABLE_CODE = YES;
				CLANG_WARN__DUPLICATE_METHOD_MATCH = YES;
				CODE_SIGN_IDENTITY = "-";
				COPY_PHASE_STRIP = NO;
				DEBUG_INFORMATION_FORMAT = dwarf;
				ENABLE_STRICT_OBJC_MSGSEND = YES;
				ENABLE_TESTABILITY = YES;
				GCC_C_LANGUAGE_STANDARD = gnu99;
				GCC_DYNAMIC_NO_PIC = NO;
				GCC_NO_COMMON_BLOCKS = YES;
				GCC_OPTIMIZATION_LEVEL = 0;
				GCC_PREPROCESSOR_DEFINITIONS = (
					"DEBUG=1",
					"$(inherited)",
				);
				GCC_WARN_64_TO_32_BIT_CONVERSION = YES;
				GCC_WARN_ABOUT_RETURN_TYPE = YES_ERROR;
				GCC_WARN_UNDECLARED_SELECTOR = YES;
				GCC_WARN_UNINITIALIZED_AUTOS = YES_AGGRESSIVE;
				GCC_WARN_UNUSED_FUNCTION = YES;
				GCC_WARN_UNUSED_VARIABLE = YES;
				MACOSX_DEPLOYMENT_TARGET = 10.12;
				MTL_ENABLE_DEBUG_INFO = YES;
				ONLY_ACTIVE_ARCH = YES;
				SDKROOT = macosx;
				SWIFT_OPTIMIZATION_LEVEL = "-Onone";
			};
			name = Debug;
		};
		38C659A31E005BEA005BBC66 /* Release */ = {
			isa = XCBuildConfiguration;
			buildSettings = {
				ALWAYS_SEARCH_USER_PATHS = NO;
				CLANG_ANALYZER_NONNULL = YES;
				CLANG_CXX_LANGUAGE_STANDARD = "gnu++0x";
				CLANG_CXX_LIBRARY = "libc++";
				CLANG_ENABLE_MODULES = YES;
				CLANG_ENABLE_OBJC_ARC = YES;
				CLANG_WARN_BOOL_CONVERSION = YES;
				CLANG_WARN_CONSTANT_CONVERSION = YES;
				CLANG_WARN_DIRECT_OBJC_ISA_USAGE = YES_ERROR;
				CLANG_WARN_DOCUMENTATION_COMMENTS = YES;
				CLANG_WARN_EMPTY_BODY = YES;
				CLANG_WARN_ENUM_CONVERSION = YES;
				CLANG_WARN_INFINITE_RECURSION = YES;
				CLANG_WARN_INT_CONVERSION = YES;
				CLANG_WARN_OBJC_ROOT_CLASS = YES_ERROR;
				CLANG_WARN_SUSPICIOUS_MOVE = YES;
				CLANG_WARN_UNREACHABLE_CODE = YES;
				CLANG_WARN__DUPLICATE_METHOD_MATCH = YES;
				CODE_SIGN_IDENTITY = "-";
				COPY_PHASE_STRIP = NO;
				DEBUG_INFORMATION_FORMAT = "dwarf-with-dsym";
				ENABLE_NS_ASSERTIONS = NO;
				ENABLE_STRICT_OBJC_MSGSEND = YES;
				GCC_C_LANGUAGE_STANDARD = gnu99;
				GCC_NO_COMMON_BLOCKS = YES;
				GCC_WARN_64_TO_32_BIT_CONVERSION = YES;
				GCC_WARN_ABOUT_RETURN_TYPE = YES_ERROR;
				GCC_WARN_UNDECLARED_SELECTOR = YES;
				GCC_WARN_UNINITIALIZED_AUTOS = YES_AGGRESSIVE;
				GCC_WARN_UNUSED_FUNCTION = YES;
				GCC_WARN_UNUSED_VARIABLE = YES;
				MACOSX_DEPLOYMENT_TARGET = 10.12;
				MTL_ENABLE_DEBUG_INFO = NO;
				SDKROOT = macosx;
			};
			name = Release;
		};
		38C659A51E005BEA005BBC66 /* Debug */ = {
			isa = XCBuildConfiguration;
			buildSettings = {
				PRODUCT_NAME = "$(TARGET_NAME)";
				SWIFT_VERSION = 3.0;
			};
			name = Debug;
		};
		38C659A61E005BEA005BBC66 /* Release */ = {
			isa = XCBuildConfiguration;
			buildSettings = {
				PRODUCT_NAME = "$(TARGET_NAME)";
				SWIFT_VERSION = 3.0;
			};
			name = Release;
		};
/* End XCBuildConfiguration section */

/* Begin XCConfigurationList section */
		38C659981E005BEA005BBC66 /* Build configuration list for PBXProject "MixpanelDataSifter" */ = {
			isa = XCConfigurationList;
			buildConfigurations = (
				38C659A21E005BEA005BBC66 /* Debug */,
				38C659A31E005BEA005BBC66 /* Release */,
			);
			defaultConfigurationIsVisible = 0;
			defaultConfigurationName = Release;
		};
		38C659A41E005BEA005BBC66 /* Build configuration list for PBXNativeTarget "MixpanelDataSifter" */ = {
			isa = XCConfigurationList;
			buildConfigurations = (
				38C659A51E005BEA005BBC66 /* Debug */,
				38C659A61E005BEA005BBC66 /* Release */,
			);
			defaultConfigurationIsVisible = 0;
			defaultConfigurationName = Release;
		};
/* End XCConfigurationList section */
	};
	rootObject = 38C659951E005BEA005BBC66 /* Project object */;
}
